<Solution>
  <Folder Name="/01/">
    <Project Path="TheNumberIsOddOrNot/TheNumberIsOddOrNot.csproj" />
  </Folder>
  <Folder Name="/02/">
    <Project Path="TheGreatestNumberIs/TheGreatestNumberIs.csproj" Id="76c49c41-d046-4441-bb16-1edd2b58ef1d" />
  </Folder>
  <Folder Name="/03/">
    <Project Path="SortNumbers/SortNumbers.csproj" Id="852cc8a7-da92-4502-9875-166be5e87cd6" />
  </Folder>
  <Folder Name="/04/">
    <Project Path="IsMultipleOfAnother/IsMultipleOfAnother.csproj" Id="7c4e5648-59ce-4224-bd82-c735640e172d" />
  </Folder>
  <Folder Name="/Shared/">
    <Project Path="Shared/Shared.csproj" Id="cfe481be-080c-4be2-8cf6-bd430ee4253d" />
  </Folder>
</Solution>
